
Microsoft Visual Studio Solution File, Format Version 12.00
# Visual Studio Version 17
VisualStudioVersion = 17.0.31903.59
MinimumVisualStudioVersion = 10.0.40219.1
Project("{9A19103F-16F7-4668-BE54-9A1E7A4F7556}") = "ArcoDesign.Doc.WebAssembly", "src\ArcoDesign.Doc.WebAssembly\ArcoDesign.Doc.WebAssembly.csproj", "{62895FFE-145E-4B1E-99C6-F29B7530A6B5}"
EndProject
Project("{9A19103F-16F7-4668-BE54-9A1E7A4F7556}") = "ArcoDesign", "src\ArcoDesign\ArcoDesign.csproj", "{5016DC3D-273A-4576-9F1A-3EDAF5EC850C}"
EndProject
Project("{9A19103F-16F7-4668-BE54-9A1E7A4F7556}") = "ArcoDesign.IconGenerator", "src\ArcoDesign.IconGenerator\ArcoDesign.IconGenerator.csproj", "{D94B3E7F-4EE8-4628-BF5B-CF1C5A584133}"
EndProject
Project("{9A19103F-16F7-4668-BE54-9A1E7A4F7556}") = "ArcoDesign.Doc", "src\ArcoDesign.Doc\ArcoDesign.Doc.csproj", "{BA008658-729E-4A3B-AE70-DA21D792AC67}"
EndProject
Project("{9A19103F-16F7-4668-BE54-9A1E7A4F7556}") = "ArcoDesign.Doc.Server", "src\ArcoDesign.Doc.Server\ArcoDesign.Doc.Server.csproj", "{2DE30327-4770-4B63-BD07-6589777A2B70}"
EndProject
Global
	GlobalSection(SolutionConfigurationPlatforms) = preSolution
		Debug|Any CPU = Debug|Any CPU
		Release|Any CPU = Release|Any CPU
	EndGlobalSection
	GlobalSection(ProjectConfigurationPlatforms) = postSolution
		{62895FFE-145E-4B1E-99C6-F29B7530A6B5}.Debug|Any CPU.ActiveCfg = Debug|Any CPU
		{62895FFE-145E-4B1E-99C6-F29B7530A6B5}.Debug|Any CPU.Build.0 = Debug|Any CPU
		{62895FFE-145E-4B1E-99C6-F29B7530A6B5}.Release|Any CPU.ActiveCfg = Release|Any CPU
		{62895FFE-145E-4B1E-99C6-F29B7530A6B5}.Release|Any CPU.Build.0 = Release|Any CPU
		{5016DC3D-273A-4576-9F1A-3EDAF5EC850C}.Debug|Any CPU.ActiveCfg = Debug|Any CPU
		{5016DC3D-273A-4576-9F1A-3EDAF5EC850C}.Debug|Any CPU.Build.0 = Debug|Any CPU
		{5016DC3D-273A-4576-9F1A-3EDAF5EC850C}.Release|Any CPU.ActiveCfg = Release|Any CPU
		{5016DC3D-273A-4576-9F1A-3EDAF5EC850C}.Release|Any CPU.Build.0 = Release|Any CPU
		{D94B3E7F-4EE8-4628-BF5B-CF1C5A584133}.Debug|Any CPU.ActiveCfg = Debug|Any CPU
		{D94B3E7F-4EE8-4628-BF5B-CF1C5A584133}.Debug|Any CPU.Build.0 = Debug|Any CPU
		{D94B3E7F-4EE8-4628-BF5B-CF1C5A584133}.Release|Any CPU.ActiveCfg = Release|Any CPU
		{D94B3E7F-4EE8-4628-BF5B-CF1C5A584133}.Release|Any CPU.Build.0 = Release|Any CPU
		{BA008658-729E-4A3B-AE70-DA21D792AC67}.Debug|Any CPU.ActiveCfg = Debug|Any CPU
		{BA008658-729E-4A3B-AE70-DA21D792AC67}.Debug|Any CPU.Build.0 = Debug|Any CPU
		{BA008658-729E-4A3B-AE70-DA21D792AC67}.Release|Any CPU.ActiveCfg = Release|Any CPU
		{BA008658-729E-4A3B-AE70-DA21D792AC67}.Release|Any CPU.Build.0 = Release|Any CPU
		{2DE30327-4770-4B63-BD07-6589777A2B70}.Debug|Any CPU.ActiveCfg = Debug|Any CPU
		{2DE30327-4770-4B63-BD07-6589777A2B70}.Debug|Any CPU.Build.0 = Debug|Any CPU
		{2DE30327-4770-4B63-BD07-6589777A2B70}.Release|Any CPU.ActiveCfg = Release|Any CPU
		{2DE30327-4770-4B63-BD07-6589777A2B70}.Release|Any CPU.Build.0 = Release|Any CPU
	EndGlobalSection
	GlobalSection(SolutionProperties) = preSolution
		HideSolutionNode = FALSE
	EndGlobalSection
	GlobalSection(ExtensibilityGlobals) = postSolution
		SolutionGuid = {013FC767-7D9F-454C-ABBD-6B8831B3F62F}
	EndGlobalSection
EndGlobal
