
Microsoft Visual Studio Solution File, Format Version 12.00
# Visual Studio Version 17
VisualStudioVersion = 17.0.31903.59
MinimumVisualStudioVersion = 10.0.40219.1
Project("{9A19103F-16F7-4668-BE54-9A1E7A4F7556}") = "ArcoDesign.Doc.Share", "src\ArcoDesign.Doc\ArcoDesign.Doc.Share.csproj", "{CFB061E3-FE67-4B21-B629-85AEA6CE93E9}"
EndProject
Project("{9A19103F-16F7-4668-BE54-9A1E7A4F7556}") = "ArcoDesign.Doc.Server", "src\ArcoDesign.Doc.Server\ArcoDesign.Doc.Server.csproj", "{575EC6A7-910B-4CBB-B758-E77C608D8C3C}"
EndProject
Project("{9A19103F-16F7-4668-BE54-9A1E7A4F7556}") = "ArcoDesign.Doc.WebAssembly", "src\ArcoDesign.Doc.WebAssembly\ArcoDesign.Doc.WebAssembly.csproj", "{62895FFE-145E-4B1E-99C6-F29B7530A6B5}"
EndProject
Project("{FAE04EC0-301F-11D3-BF4B-00C04F79EFBC}") = "ArcoDesign", "src\ArcoDesign\ArcoDesign.csproj", "{5016DC3D-273A-4576-9F1A-3EDAF5EC850C}"
EndProject
Global
	GlobalSection(SolutionConfigurationPlatforms) = preSolution
		Debug|Any CPU = Debug|Any CPU
		Release|Any CPU = Release|Any CPU
	EndGlobalSection
	GlobalSection(ProjectConfigurationPlatforms) = postSolution
		{CFB061E3-FE67-4B21-B629-85AEA6CE93E9}.Debug|Any CPU.ActiveCfg = Debug|Any CPU
		{CFB061E3-FE67-4B21-B629-85AEA6CE93E9}.Debug|Any CPU.Build.0 = Debug|Any CPU
		{CFB061E3-FE67-4B21-B629-85AEA6CE93E9}.Release|Any CPU.ActiveCfg = Release|Any CPU
		{CFB061E3-FE67-4B21-B629-85AEA6CE93E9}.Release|Any CPU.Build.0 = Release|Any CPU
		{575EC6A7-910B-4CBB-B758-E77C608D8C3C}.Debug|Any CPU.ActiveCfg = Debug|Any CPU
		{575EC6A7-910B-4CBB-B758-E77C608D8C3C}.Debug|Any CPU.Build.0 = Debug|Any CPU
		{575EC6A7-910B-4CBB-B758-E77C608D8C3C}.Release|Any CPU.ActiveCfg = Release|Any CPU
		{575EC6A7-910B-4CBB-B758-E77C608D8C3C}.Release|Any CPU.Build.0 = Release|Any CPU
		{62895FFE-145E-4B1E-99C6-F29B7530A6B5}.Debug|Any CPU.ActiveCfg = Debug|Any CPU
		{62895FFE-145E-4B1E-99C6-F29B7530A6B5}.Debug|Any CPU.Build.0 = Debug|Any CPU
		{62895FFE-145E-4B1E-99C6-F29B7530A6B5}.Release|Any CPU.ActiveCfg = Release|Any CPU
		{62895FFE-145E-4B1E-99C6-F29B7530A6B5}.Release|Any CPU.Build.0 = Release|Any CPU
		{5016DC3D-273A-4576-9F1A-3EDAF5EC850C}.Debug|Any CPU.ActiveCfg = Debug|Any CPU
		{5016DC3D-273A-4576-9F1A-3EDAF5EC850C}.Debug|Any CPU.Build.0 = Debug|Any CPU
		{5016DC3D-273A-4576-9F1A-3EDAF5EC850C}.Release|Any CPU.ActiveCfg = Release|Any CPU
		{5016DC3D-273A-4576-9F1A-3EDAF5EC850C}.Release|Any CPU.Build.0 = Release|Any CPU
	EndGlobalSection
	GlobalSection(SolutionProperties) = preSolution
		HideSolutionNode = FALSE
	EndGlobalSection
	GlobalSection(ExtensibilityGlobals) = postSolution
		SolutionGuid = {013FC767-7D9F-454C-ABBD-6B8831B3F62F}
	EndGlobalSection
EndGlobal
